
Microsoft Visual Studio Solution File, Format Version 12.00
# Visual Studio Version 16
VisualStudioVersion = 16.0.29905.134
MinimumVisualStudioVersion = 10.0.40219.1
Project("{FAE04EC0-301F-11D3-BF4B-00C04F79EFBC}") = "PiXharp", "PiXharp\PiXharp.csproj", "{F05B4315-CF2F-48A3-AC68-F02DF1FD0254}"
EndProject
Project("{FAE04EC0-301F-11D3-BF4B-00C04F79EFBC}") = "PiXharp.Test", "PiXharp.Test\PiXharp.Test.csproj", "{05A2EE9B-C79A-416B-90FC-D0ECBAFA7382}"
EndProject
Global
	GlobalSection(SolutionConfigurationPlatforms) = preSolution
		Debug|Any CPU = Debug|Any CPU
		Release|Any CPU = Release|Any CPU
	EndGlobalSection
	GlobalSection(ProjectConfigurationPlatforms) = postSolution
		{F05B4315-CF2F-48A3-AC68-F02DF1FD0254}.Debug|Any CPU.ActiveCfg = Debug|Any CPU
		{F05B4315-CF2F-48A3-AC68-F02DF1FD0254}.Debug|Any CPU.Build.0 = Debug|Any CPU
		{F05B4315-CF2F-48A3-AC68-F02DF1FD0254}.Release|Any CPU.ActiveCfg = Release|Any CPU
		{F05B4315-CF2F-48A3-AC68-F02DF1FD0254}.Release|Any CPU.Build.0 = Release|Any CPU
		{05A2EE9B-C79A-416B-90FC-D0ECBAFA7382}.Debug|Any CPU.ActiveCfg = Debug|Any CPU
		{05A2EE9B-C79A-416B-90FC-D0ECBAFA7382}.Debug|Any CPU.Build.0 = Debug|Any CPU
		{05A2EE9B-C79A-416B-90FC-D0ECBAFA7382}.Release|Any CPU.ActiveCfg = Release|Any CPU
		{05A2EE9B-C79A-416B-90FC-D0ECBAFA7382}.Release|Any CPU.Build.0 = Release|Any CPU
	EndGlobalSection
	GlobalSection(SolutionProperties) = preSolution
		HideSolutionNode = FALSE
	EndGlobalSection
	GlobalSection(ExtensibilityGlobals) = postSolution
		SolutionGuid = {DC125A93-7E6F-44AE-A83F-551BCE656D15}
	EndGlobalSection
EndGlobal
